
Microsoft Visual Studio Solution File, Format Version 12.00
# Visual Studio Version 16
VisualStudioVersion = 16.0.36227.6
MinimumVisualStudioVersion = 10.0.40219.1
Project("{FAE04EC0-301F-11D3-BF4B-00C04F79EFBC}") = "LevelsJsonEditor", "LevelsJsonEditor\LevelsJsonEditor.csproj", "{7959D0AA-88F8-4220-BDF6-83AF67D08654}"
EndProject
Global
	GlobalSection(SolutionConfigurationPlatforms) = preSolution
		Debug|Any CPU = Debug|Any CPU
		Release|Any CPU = Release|Any CPU
	EndGlobalSection
	GlobalSection(ProjectConfigurationPlatforms) = postSolution
		{7959D0AA-88F8-4220-BDF6-83AF67D08654}.Debug|Any CPU.ActiveCfg = Debug|Any CPU
		{7959D0AA-88F8-4220-BDF6-83AF67D08654}.Debug|Any CPU.Build.0 = Debug|Any CPU
		{7959D0AA-88F8-4220-BDF6-83AF67D08654}.Release|Any CPU.ActiveCfg = Release|Any CPU
		{7959D0AA-88F8-4220-BDF6-83AF67D08654}.Release|Any CPU.Build.0 = Release|Any CPU
	EndGlobalSection
	GlobalSection(SolutionProperties) = preSolution
		HideSolutionNode = FALSE
	EndGlobalSection
	GlobalSection(ExtensibilityGlobals) = postSolution
		SolutionGuid = {31C3B231-FA49-4EA4-AEC7-67054D693CE8}
	EndGlobalSection
EndGlobal
